
Microsoft Visual Studio Solution File, Format Version 12.00
# Visual Studio Version 16
VisualStudioVersion = 16.0.30128.74
MinimumVisualStudioVersion = 10.0.40219.1
Project("{2150E333-8FDC-42A3-9474-1A3956D46DE8}") = "1 - Presentation", "1 - Presentation", "{C1EF0276-2A75-4896-A802-1EFA6F1B6114}"
EndProject
Project("{2150E333-8FDC-42A3-9474-1A3956D46DE8}") = "2 - ApplicationService", "2 - ApplicationService", "{F40AE548-596E-4CEF-80DF-5808BC024D7E}"
EndProject
Project("{2150E333-8FDC-42A3-9474-1A3956D46DE8}") = "3 - Service", "3 - Service", "{866EF520-2A10-4A6D-8A47-B300A56F2A54}"
EndProject
Project("{2150E333-8FDC-42A3-9474-1A3956D46DE8}") = "4 - Infra", "4 - Infra", "{43C2DF02-BC97-4784-B1EB-8947A4439867}"
EndProject
Project("{FAE04EC0-301F-11D3-BF4B-00C04F79EFBC}") = "ProvaAvonale.Domain", "ProvaAvonale.Domain\ProvaAvonale.Domain.csproj", "{7698122A-A9D0-46D0-8C6F-4AA6C43BC558}"
EndProject
Project("{FAE04EC0-301F-11D3-BF4B-00C04F79EFBC}") = "ProvaAvonale.ApplicationService", "ProvaAvonale.ApplicationService\ProvaAvonale.ApplicationService.csproj", "{A4EA2593-4DB5-4C96-9232-8BE0D8803367}"
EndProject
Project("{2150E333-8FDC-42A3-9474-1A3956D46DE8}") = "4.1 - Data", "4.1 - Data", "{3D49A7A5-98AA-4A81-B870-72B5C2597B4A}"
EndProject
Project("{2150E333-8FDC-42A3-9474-1A3956D46DE8}") = "4.2 - CrossCutting", "4.2 - CrossCutting", "{8EE790DC-AB47-4157-84D9-33AFEEADBA70}"
EndProject
Project("{FAE04EC0-301F-11D3-BF4B-00C04F79EFBC}") = "ProvaAvonale.DataAccess", "ProvaAvonale.DataAccess\ProvaAvonale.DataAccess.csproj", "{6EEBC177-B769-446F-ACEA-A9BDF24829D3}"
EndProject
Project("{FAE04EC0-301F-11D3-BF4B-00C04F79EFBC}") = "ProvaAvonale.CrossCutting", "ProvaAvonale.CrossCutting\ProvaAvonale.CrossCutting.csproj", "{546A44C6-68D2-46EB-961E-2BE730BD4DB8}"
EndProject
Project("{FAE04EC0-301F-11D3-BF4B-00C04F79EFBC}") = "ProvaAvonale.WebApi", "ProvaAvonale.WebApi\ProvaAvonale.WebApi.csproj", "{881037B2-58FD-4873-BCAF-00453C5AC4F3}"
EndProject
Global
	GlobalSection(SolutionConfigurationPlatforms) = preSolution
		Debug|Any CPU = Debug|Any CPU
		Release|Any CPU = Release|Any CPU
	EndGlobalSection
	GlobalSection(ProjectConfigurationPlatforms) = postSolution
		{7698122A-A9D0-46D0-8C6F-4AA6C43BC558}.Debug|Any CPU.ActiveCfg = Debug|Any CPU
		{7698122A-A9D0-46D0-8C6F-4AA6C43BC558}.Debug|Any CPU.Build.0 = Debug|Any CPU
		{7698122A-A9D0-46D0-8C6F-4AA6C43BC558}.Release|Any CPU.ActiveCfg = Release|Any CPU
		{7698122A-A9D0-46D0-8C6F-4AA6C43BC558}.Release|Any CPU.Build.0 = Release|Any CPU
		{A4EA2593-4DB5-4C96-9232-8BE0D8803367}.Debug|Any CPU.ActiveCfg = Debug|Any CPU
		{A4EA2593-4DB5-4C96-9232-8BE0D8803367}.Debug|Any CPU.Build.0 = Debug|Any CPU
		{A4EA2593-4DB5-4C96-9232-8BE0D8803367}.Release|Any CPU.ActiveCfg = Release|Any CPU
		{A4EA2593-4DB5-4C96-9232-8BE0D8803367}.Release|Any CPU.Build.0 = Release|Any CPU
		{6EEBC177-B769-446F-ACEA-A9BDF24829D3}.Debug|Any CPU.ActiveCfg = Debug|Any CPU
		{6EEBC177-B769-446F-ACEA-A9BDF24829D3}.Debug|Any CPU.Build.0 = Debug|Any CPU
		{6EEBC177-B769-446F-ACEA-A9BDF24829D3}.Release|Any CPU.ActiveCfg = Release|Any CPU
		{6EEBC177-B769-446F-ACEA-A9BDF24829D3}.Release|Any CPU.Build.0 = Release|Any CPU
		{546A44C6-68D2-46EB-961E-2BE730BD4DB8}.Debug|Any CPU.ActiveCfg = Debug|Any CPU
		{546A44C6-68D2-46EB-961E-2BE730BD4DB8}.Debug|Any CPU.Build.0 = Debug|Any CPU
		{546A44C6-68D2-46EB-961E-2BE730BD4DB8}.Release|Any CPU.ActiveCfg = Release|Any CPU
		{546A44C6-68D2-46EB-961E-2BE730BD4DB8}.Release|Any CPU.Build.0 = Release|Any CPU
		{881037B2-58FD-4873-BCAF-00453C5AC4F3}.Debug|Any CPU.ActiveCfg = Debug|Any CPU
		{881037B2-58FD-4873-BCAF-00453C5AC4F3}.Debug|Any CPU.Build.0 = Debug|Any CPU
		{881037B2-58FD-4873-BCAF-00453C5AC4F3}.Release|Any CPU.ActiveCfg = Release|Any CPU
		{881037B2-58FD-4873-BCAF-00453C5AC4F3}.Release|Any CPU.Build.0 = Release|Any CPU
	EndGlobalSection
	GlobalSection(SolutionProperties) = preSolution
		HideSolutionNode = FALSE
	EndGlobalSection
	GlobalSection(NestedProjects) = preSolution
		{7698122A-A9D0-46D0-8C6F-4AA6C43BC558} = {866EF520-2A10-4A6D-8A47-B300A56F2A54}
		{A4EA2593-4DB5-4C96-9232-8BE0D8803367} = {F40AE548-596E-4CEF-80DF-5808BC024D7E}
		{3D49A7A5-98AA-4A81-B870-72B5C2597B4A} = {43C2DF02-BC97-4784-B1EB-8947A4439867}
		{8EE790DC-AB47-4157-84D9-33AFEEADBA70} = {43C2DF02-BC97-4784-B1EB-8947A4439867}
		{6EEBC177-B769-446F-ACEA-A9BDF24829D3} = {3D49A7A5-98AA-4A81-B870-72B5C2597B4A}
		{546A44C6-68D2-46EB-961E-2BE730BD4DB8} = {8EE790DC-AB47-4157-84D9-33AFEEADBA70}
		{881037B2-58FD-4873-BCAF-00453C5AC4F3} = {C1EF0276-2A75-4896-A802-1EFA6F1B6114}
	EndGlobalSection
	GlobalSection(ExtensibilityGlobals) = postSolution
		SolutionGuid = {880014C4-C4AE-4E8D-8711-3F28B75A40DC}
	EndGlobalSection
EndGlobal
